{
  "version": "1.0.0",
  "lockfileVersion": 1,
  "requires": true,
  "dependencies": {
    "@erickwendel/ew-agent": {
      "version": "1.0.5",
      "resolved": "https://registry.npmjs.org/@erickwendel/ew-agent/-/ew-agent-1.0.5.tgz",
      "integrity": "sha512-ju/i/Z7bIxPvv2AHamQkAXYbes5/xZpbpJQjW77jDOx5K187sirHm+O8T3rkJURXEkJDgGPG9yOD4/QTp1z55w==",
      "requires": {
        "pino": "6.3.2",
        "uuid": "8.2.0"
      }
    },
    "atomic-sleep": {
      "version": "1.0.0",
      "resolved": "https://registry.npmjs.org/atomic-sleep/-/atomic-sleep-1.0.0.tgz",
      "integrity": "sha512-kNOjDqAh7px0XWNI+4QbzoiR/nTkHAWNud2uvnJquD1/x5a7EQZMJT0AczqK0Qn67oY/TTQ1LbUKajZpp3I9tQ=="
    },
    "fast-redact": {
      "version": "2.0.0",
      "resolved": "https://registry.npmjs.org/fast-redact/-/fast-redact-2.0.0.tgz",
      "integrity": "sha512-zxpkULI9W9MNTK2sJ3BpPQrTEXFNESd2X6O1tXMFpK/XM0G5c5Rll2EVYZH2TqI3xRGK/VaJ+eEOt7pnENJpeA=="
    },
    "fast-safe-stringify": {
      "version": "2.0.7",
      "resolved": "https://registry.npmjs.org/fast-safe-stringify/-/fast-safe-stringify-2.0.7.tgz",
      "integrity": "sha512-Utm6CdzT+6xsDk2m8S6uL8VHxNwI6Jub+e9NYTcAms28T84pTa25GJQV9j0CY0N1rM8hK4x6grpF2BQf+2qwVA=="
    },
    "flatstr": {
      "version": "1.0.12",
      "resolved": "https://registry.npmjs.org/flatstr/-/flatstr-1.0.12.tgz",
      "integrity": "sha512-4zPxDyhCyiN2wIAtSLI6gc82/EjqZc1onI4Mz/l0pWrAlsSfYH/2ZIcU+e3oA2wDwbzIWNKwa23F8rh6+DRWkw=="
    },
    "pino": {
      "version": "6.3.2",
      "resolved": "https://registry.npmjs.org/pino/-/pino-6.3.2.tgz",
      "integrity": "sha512-EiP3L1hoFw19KPocWimjnfXeysld0ne89ZRQ+bf8nAeA2TyuLoggNlibAi+Kla67GvQBopLdIZOsh1z/Lruo5Q==",
      "requires": {
        "fast-redact": "^2.0.0",
        "fast-safe-stringify": "^2.0.7",
        "flatstr": "^1.0.12",
        "pino-std-serializers": "^2.4.2",
        "quick-format-unescaped": "^4.0.1",
        "sonic-boom": "^1.0.0"
      }
    },
    "pino-std-serializers": {
      "version": "2.4.2",
      "resolved": "https://registry.npmjs.org/pino-std-serializers/-/pino-std-serializers-2.4.2.tgz",
      "integrity": "sha512-WaL504dO8eGs+vrK+j4BuQQq6GLKeCCcHaMB2ItygzVURcL1CycwNEUHTD/lHFHs/NL5qAz2UKrjYWXKSf4aMQ=="
    },
    "quick-format-unescaped": {
      "version": "4.0.1",
      "resolved": "https://registry.npmjs.org/quick-format-unescaped/-/quick-format-unescaped-4.0.1.tgz",
      "integrity": "sha512-RyYpQ6Q5/drsJyOhrWHYMWTedvjTIat+FTwv0K4yoUxzvekw2aRHMQJLlnvt8UantkZg2++bEzD9EdxXqkWf4A=="
    },
    "sonic-boom": {
      "version": "1.0.1",
      "resolved": "https://registry.npmjs.org/sonic-boom/-/sonic-boom-1.0.1.tgz",
      "integrity": "sha512-o9tx+bonVEXSaPtptyXQXpP8l6UV9Bi3im2geZskvWw2a/o/hrbWI7EBbbv+rOx6Hubnzun9GgH4WfbgEA3MFQ==",
      "requires": {
        "atomic-sleep": "^1.0.0",
        "flatstr": "^1.0.12"
      }
    },
    "uuid": {
      "version": "8.2.0",
      "resolved": "https://registry.npmjs.org/uuid/-/uuid-8.2.0.tgz",
      "integrity": "sha512-CYpGiFTUrmI6OBMkAdjSDM0k5h8SkkiTP4WAjQgDgNB1S3Ou9VBEvr6q0Kv2H1mMk7IWfxYGpMH5sd5AvcIV2Q=="
    }
  }
}
